{
  "name": "theme",
  "lockfileVersion": 3,
  "requires": true,
  "packages": {
    "": {
      "dependencies": {
        "@fontsource/dm-sans": "^5.2.8",
        "@fontsource/open-sans": "^5.2.7"
      }
    },
    "node_modules/@fontsource/dm-sans": {
      "version": "5.2.8",
      "resolved": "https://registry.npmjs.org/@fontsource/dm-sans/-/dm-sans-5.2.8.tgz",
      "integrity": "sha512-tlovG42m9ESG28WiHpLq3F5umAlm64rv0RkqTbYowRn70e9OlRr5a3yTJhrhrY+k5lftR/OFJjPzOLQzk8EfCA==",
      "license": "OFL-1.1",
      "funding": {
        "url": "https://github.com/sponsors/ayuhito"
      }
    },
    "node_modules/@fontsource/open-sans": {
      "version": "5.2.7",
      "resolved": "https://registry.npmjs.org/@fontsource/open-sans/-/open-sans-5.2.7.tgz",
      "integrity": "sha512-8yfgDYjE5O0vmTPdrcjV35y4yMnctsokmi9gN49Gcsr0sjzkMkR97AnKDe6OqZh2SFkYlR28fxOvi21bYEgMSw==",
      "license": "OFL-1.1",
      "funding": {
        "url": "https://github.com/sponsors/ayuhito"
      }
    }
  }
}
